
Microsoft Visual Studio Solution File, Format Version 12.00
# Visual Studio Version 17
VisualStudioVersion = 17.11.35327.3
MinimumVisualStudioVersion = 10.0.40219.1
Project("{FAE04EC0-301F-11D3-BF4B-00C04F79EFBC}") = "Anusca_David_Lab2", "Anusca_David_Lab2.csproj", "{DB76E1DD-11EE-4FB6-9F44-4EA4392E91CA}"
EndProject
Global
	GlobalSection(SolutionConfigurationPlatforms) = preSolution
		Debug|Any CPU = Debug|Any CPU
		Release|Any CPU = Release|Any CPU
	EndGlobalSection
	GlobalSection(ProjectConfigurationPlatforms) = postSolution
		{DB76E1DD-11EE-4FB6-9F44-4EA4392E91CA}.Debug|Any CPU.ActiveCfg = Debug|Any CPU
		{DB76E1DD-11EE-4FB6-9F44-4EA4392E91CA}.Debug|Any CPU.Build.0 = Debug|Any CPU
		{DB76E1DD-11EE-4FB6-9F44-4EA4392E91CA}.Release|Any CPU.ActiveCfg = Release|Any CPU
		{DB76E1DD-11EE-4FB6-9F44-4EA4392E91CA}.Release|Any CPU.Build.0 = Release|Any CPU
	EndGlobalSection
	GlobalSection(SolutionProperties) = preSolution
		HideSolutionNode = FALSE
	EndGlobalSection
	GlobalSection(ExtensibilityGlobals) = postSolution
		SolutionGuid = {C8217C8E-BB7E-4814-BAEB-9862738BA818}
	EndGlobalSection
EndGlobal
